
Microsoft Visual Studio Solution File, Format Version 12.00
Project("{FAE04EC0-301F-11D3-BF4B-00C04F79EFBC}") = "Problems", "Problems\Problems.csproj", "{DECB736A-B3FB-4082-A50E-5C58118F6153}"
EndProject
Project("{FAE04EC0-301F-11D3-BF4B-00C04F79EFBC}") = "Tests", "Tests\Tests.csproj", "{9592145D-517D-4830-9461-C86C2025A367}"
EndProject
Global
	GlobalSection(SolutionConfigurationPlatforms) = preSolution
		Debug|Any CPU = Debug|Any CPU
		Release|Any CPU = Release|Any CPU
	EndGlobalSection
	GlobalSection(ProjectConfigurationPlatforms) = postSolution
		{DECB736A-B3FB-4082-A50E-5C58118F6153}.Debug|Any CPU.ActiveCfg = Debug|Any CPU
		{DECB736A-B3FB-4082-A50E-5C58118F6153}.Debug|Any CPU.Build.0 = Debug|Any CPU
		{DECB736A-B3FB-4082-A50E-5C58118F6153}.Release|Any CPU.ActiveCfg = Release|Any CPU
		{DECB736A-B3FB-4082-A50E-5C58118F6153}.Release|Any CPU.Build.0 = Release|Any CPU
		{9592145D-517D-4830-9461-C86C2025A367}.Debug|Any CPU.ActiveCfg = Debug|Any CPU
		{9592145D-517D-4830-9461-C86C2025A367}.Debug|Any CPU.Build.0 = Debug|Any CPU
		{9592145D-517D-4830-9461-C86C2025A367}.Release|Any CPU.ActiveCfg = Release|Any CPU
		{9592145D-517D-4830-9461-C86C2025A367}.Release|Any CPU.Build.0 = Release|Any CPU
	EndGlobalSection
EndGlobal
